# This file is autogenerated, do not edit; changes may be undone by the next 'dep ensure'.


[[projects]]
  digest = "1:0f98f59e9a2f4070d66f0c9c39561f68fcd1dc837b22a852d28d0003aebd1b1e"
  name = "github.com/boltdb/bolt"
  packages = ["."]
  pruneopts = "UT"
  revision = "2f1ce7a837dcb8da3ec595b1dac9d0632f0f99e8"
  version = "v1.3.1"

[[projects]]
  branch = "master"
  digest = "1:ba1ad3d6c76aa0be912fb1265a281a0c0d4021c5b8e9a36039a467ac9ba106a1"
  name = "github.com/bradfitz/latlong"
  packages = ["."]
  pruneopts = "UT"
  revision = "f3db6d0dff40d47957be82e1a6645574fb041f95"

[[projects]]
  digest = "1:6160bdb80d03a9adafb52678b60f59fb1cf7d1a1291d128b8e66b2b5825c6ed1"
  name = "github.com/briandowns/openweathermap"
  packages = ["."]
  pruneopts = "UT"
  revision = "2adae1e5d10290d8cd435bd30296fc5e8f754862"
  version = "0.12"

[[projects]]
  digest = "1:ffe9824d294da03b391f44e1ae8281281b4afc1bdaa9588c9097785e3af10cec"
  name = "github.com/davecgh/go-spew"
  packages = ["spew"]
  pruneopts = "UT"
  revision = "8991bc29aa16c548c550c7ff78260e27b9ab7c73"
  version = "v1.1.1"

[[projects]]
  branch = "master"
  digest = "1:0fa56faf93f0adc7d981551654a0b65ae68cdb0879e6b0c99858aee7100d87df"
  name = "github.com/dimiro1/banner"
  packages = [
    ".",
    "autoload",
  ]
  pruneopts = "UT"
  revision = "c2f858997d49ffd03f84818bef3c25c2fcc67e16"

[[projects]]
  digest = "1:47cebe27e59e4e0c239d0bf2419d6a46f0364a56efc43be702c32b82710b6ecf"
  name = "github.com/disintegration/imaging"
  packages = ["."]
  pruneopts = "UT"
  revision = "5362c131d56305ce787e79a5b94ffc956df00d62"
  version = "v1.6.0"

[[projects]]
  digest = "1:8a80feff2de31dc8f4844e1788cbdfac87b8f5ca9a5e43395c1a095121efae63"
  name = "github.com/fsnotify/fsevents"
  packages = ["."]
  pruneopts = "UT"
  revision = "f721bd2b045774a566e8f7f5fa2a9985e04c875d"
  version = "v0.1.1"

[[projects]]
  digest = "1:abeb38ade3f32a92943e5be54f55ed6d6e3b6602761d74b4aab4c9dd45c18abd"
  name = "github.com/fsnotify/fsnotify"
  packages = ["."]
  pruneopts = "UT"
  revision = "c2828203cd70a50dcccfb2761f8b1f8ceef9a8e9"
  version = "v1.4.7"

[[projects]]
  digest = "1:496e620f54c5204133a0e4229d703b37b2c8ffbc82368c530539475c350f08ad"
  name = "github.com/gempir/go-twitch-irc"
  packages = ["."]
  pruneopts = "UT"
  revision = "bf886a861b645c45afddb889e13362b3737455f9"
  version = "v2.1.0"

[[projects]]
  digest = "1:582b704bebaa06b48c29b0cec224a6058a09c86883aaddabde889cd1a5f73e1b"
  name = "github.com/google/uuid"
  packages = ["."]
  pruneopts = "UT"
  revision = "0cd6bf5da1e1c83f8b45653022c74f71af0538a4"
  version = "v1.1.1"

[[projects]]
  digest = "1:09970bb8daf100bdf11b48b72c71ef980cd2b50efbd903989b3d182956be0b83"
  name = "github.com/hako/durafmt"
  packages = ["."]
  pruneopts = "UT"
  revision = "7b7ae1e72eade09dbc9c2cfba3e6c4bae7b8bcac"
  version = "1.0.0"

[[projects]]
  digest = "1:6c41d4f998a03b6604227ccad36edaed6126c397e5d78709ef4814a1145a6757"
  name = "github.com/jmoiron/sqlx"
  packages = [
    ".",
    "reflectx",
  ]
  pruneopts = "UT"
  revision = "d161d7a76b5661016ad0b085869f77fd410f3e6a"
  version = "v1.2.0"

[[projects]]
  digest = "1:ecd9aa82687cf31d1585d4ac61d0ba180e42e8a6182b85bd785fcca8dfeefc1b"
  name = "github.com/joho/godotenv"
  packages = ["."]
  pruneopts = "UT"
  revision = "23d116af351c84513e1946b527c88823e476be13"
  version = "v1.3.0"

[[projects]]
  digest = "1:777bc22310c58b0a99b1a37ba3781cd895f4db7661bb84e63321b96b03f113c9"
  name = "github.com/kelvins/geocoder"
  packages = [
    ".",
    "structs",
  ]
  pruneopts = "UT"
  revision = "8464fc2d24782d40b26ab17567bd1ef96427ca17"
  version = "v1.3"

[[projects]]
  digest = "1:bdd53b87de8185da386bae179c84d4848854c6870bacacf6a154fe63e2e750f7"
  name = "github.com/lib/pq"
  packages = [
    ".",
    "oid",
    "scram",
  ]
  pruneopts = "UT"
  revision = "bc6a3c0594130b1e34005880bc600b6d3f49fa7f"
  version = "v1.1.1"

[[projects]]
  digest = "1:e1e29f200afc15a8c28ebb971e537d5f38c036df0fc4cba32ddd309f6cc7c347"
  name = "github.com/mattn/go-colorable"
  packages = ["."]
  pruneopts = "UT"
  revision = "9cbef7c35391cca05f15f8181dc0b18bc9736dbb"

[[projects]]
  digest = "1:abab8af2b6f41d6bcd8abf752b22aa0d4b40a9b0aa3f01186a695cf9a67d1fad"
  name = "github.com/mattn/go-isatty"
  packages = ["."]
  pruneopts = "UT"
  revision = "56b76bdf51f7708750eac80fa38b952bb9f32639"

[[projects]]
  branch = "master"
  digest = "1:98720564587a42f6e07b7e43cbe96128951a8594896d8de8d61c1a5d4ef5c4ba"
  name = "github.com/nathan-osman/go-sunrise"
  packages = ["."]
  pruneopts = "UT"
  revision = "7c449e7c690b1ad3692d399bb4e49fcf864428d6"

[[projects]]
  digest = "1:3165b1be39e643640cef0252e397e0bb5c250d2af233750aea35247809d613a9"
  name = "github.com/nicklaw5/helix"
  packages = ["."]
  pruneopts = "UT"
  revision = "1ffbcec5d9018d07333959272c8e8654a70b2e50"
  version = "v0.5.2"

[[projects]]
  digest = "1:f3b5bf575d84780832516c53d135b4917fe891ca67c472959578b7e09277e4b2"
  name = "github.com/otiai10/gosseract"
  packages = ["."]
  pruneopts = "UT"
  revision = "5bb1d6fc20fa3fafb3236d6c93c393369e4b38d9"
  version = "v2.2.1"

[[projects]]
  branch = "master"
  digest = "1:4c5fae3d31eb72f59429f9218ff258128ef37edcae9785f93bb9f1609b392c51"
  name = "golang.org/x/image"
  packages = [
    "bmp",
    "tiff",
    "tiff/lzw",
  ]
  pruneopts = "UT"
  revision = "f03afa92d3ffad9e5ff762aa549908afe674f01e"

[[projects]]
  branch = "master"
  digest = "1:668e8c66b8895d69391429b0f64a72c35603c94f364c94d4e5fab5053d57a0b6"
  name = "golang.org/x/sys"
  packages = ["unix"]
  pruneopts = "UT"
  revision = "3626398d77499f570be2e36a6ad4fc91963a02c5"

[[projects]]
  branch = "master"
  digest = "1:9fdc2b55e8e0fafe4b41884091e51e77344f7dc511c5acedcfd98200003bff90"
  name = "golang.org/x/time"
  packages = ["rate"]
  pruneopts = "UT"
  revision = "9d24e82272b4f38b78bc8cff74fa936d31ccd8ef"

[[projects]]
  branch = "master"
  digest = "1:185b9c0517d27cd1065edaf26b777d379ccdcea3e96d60f3879b5aa67c7a8956"
  name = "googlemaps.github.io/maps"
  packages = [
    ".",
    "internal",
  ]
  pruneopts = "UT"
  revision = "4d12cf0fa84504cda54d25c11a307219958a7fed"

[solve-meta]
  analyzer-name = "dep"
  analyzer-version = 1
  input-imports = [
    "github.com/boltdb/bolt",
    "github.com/bradfitz/latlong",
    "github.com/briandowns/openweathermap",
    "github.com/davecgh/go-spew/spew",
    "github.com/dimiro1/banner/autoload",
    "github.com/disintegration/imaging",
    "github.com/fsnotify/fsevents",
    "github.com/fsnotify/fsnotify",
    "github.com/gempir/go-twitch-irc",
    "github.com/hako/durafmt",
    "github.com/jmoiron/sqlx",
    "github.com/joho/godotenv",
    "github.com/kelvins/geocoder",
    "github.com/lib/pq",
    "github.com/nathan-osman/go-sunrise",
    "github.com/nicklaw5/helix",
    "github.com/otiai10/gosseract",
    "googlemaps.github.io/maps",
  ]
  solver-name = "gps-cdcl"
  solver-version = 1
